
Microsoft Visual Studio Solution File, Format Version 12.00
# Visual Studio Version 17
VisualStudioVersion = 17.10.34928.147
MinimumVisualStudioVersion = 10.0.40219.1
Project("{FAE04EC0-301F-11D3-BF4B-00C04F79EFBC}") = "WebApplicationIdentity", "WebApplicationIdentity\WebApplicationIdentity.csproj", "{24027753-D611-41AB-A3CA-189EA3ADDFE3}"
EndProject
Global
	GlobalSection(SolutionConfigurationPlatforms) = preSolution
		Debug|Any CPU = Debug|Any CPU
		Release|Any CPU = Release|Any CPU
	EndGlobalSection
	GlobalSection(ProjectConfigurationPlatforms) = postSolution
		{24027753-D611-41AB-A3CA-189EA3ADDFE3}.Debug|Any CPU.ActiveCfg = Debug|Any CPU
		{24027753-D611-41AB-A3CA-189EA3ADDFE3}.Debug|Any CPU.Build.0 = Debug|Any CPU
		{24027753-D611-41AB-A3CA-189EA3ADDFE3}.Release|Any CPU.ActiveCfg = Release|Any CPU
		{24027753-D611-41AB-A3CA-189EA3ADDFE3}.Release|Any CPU.Build.0 = Release|Any CPU
	EndGlobalSection
	GlobalSection(SolutionProperties) = preSolution
		HideSolutionNode = FALSE
	EndGlobalSection
	GlobalSection(ExtensibilityGlobals) = postSolution
		SolutionGuid = {CBD46B59-5794-44E9-AFFA-7B73FCDA9ECF}
	EndGlobalSection
EndGlobal
